{
  "name": "oc-runtime-codex-example",
  "version": "1.0.0",
  "lockfileVersion": 3,
  "requires": true,
  "packages": {
    "": {
      "name": "oc-runtime-codex-example",
      "version": "1.0.0",
      "dependencies": {
        "@openai/codex-sdk": "0.142.0"
      },
      "bin": {
        "oc-runtime-codex-brain": "dist/index.js"
      },
      "devDependencies": {
        "@types/node": "^20",
        "typescript": "^5"
      }
    },
    "node_modules/@openai/codex": {
      "version": "0.142.0",
      "resolved": "https://registry.npmjs.org/@openai/codex/-/codex-0.142.0.tgz",
      "integrity": "sha512-c7WftbRyE4zOLJV5p73mcGn4jVK3FmK84Q65hrZrXboZzLPDWRfbFedCbsIjU4PJS/kvgyMPhv7dH4/nhXzUyg==",
      "license": "Apache-2.0",
      "bin": {
        "codex": "bin/codex.js"
      },
      "engines": {
        "node": ">=16"
      },
      "optionalDependencies": {
        "@openai/codex-darwin-arm64": "npm:@openai/codex@0.142.0-darwin-arm64",
        "@openai/codex-darwin-x64": "npm:@openai/codex@0.142.0-darwin-x64",
        "@openai/codex-linux-arm64": "npm:@openai/codex@0.142.0-linux-arm64",
        "@openai/codex-linux-x64": "npm:@openai/codex@0.142.0-linux-x64",
        "@openai/codex-win32-arm64": "npm:@openai/codex@0.142.0-win32-arm64",
        "@openai/codex-win32-x64": "npm:@openai/codex@0.142.0-win32-x64"
      }
    },
    "node_modules/@openai/codex-darwin-arm64": {
      "name": "@openai/codex",
      "version": "0.142.0-darwin-arm64",
      "resolved": "https://registry.npmjs.org/@openai/codex/-/codex-0.142.0-darwin-arm64.tgz",
      "integrity": "sha512-jwbriCRTSNfqoGov5bNnnYAKarnNv4QfGkut8psKAajebL6VPI2ZjCxCJ1OFA5HhUQsN8GQgEjKlj6WhYcMmUA==",
      "cpu": [
        "arm64"
      ],
      "license": "Apache-2.0",
      "optional": true,
      "os": [
        "darwin"
      ],
      "engines": {
        "node": ">=16"
      }
    },
    "node_modules/@openai/codex-darwin-x64": {
      "name": "@openai/codex",
      "version": "0.142.0-darwin-x64",
      "resolved": "https://registry.npmjs.org/@openai/codex/-/codex-0.142.0-darwin-x64.tgz",
      "integrity": "sha512-qwdPfW8sOBEfWw1Rt7baveUsOjrudrM7qfKNnJvHPRrwtt4jemTd22VtZ6r02kUQdLwt6Ddvs0Pwzk6QJW6PqA==",
      "cpu": [
        "x64"
      ],
      "license": "Apache-2.0",
      "optional": true,
      "os": [
        "darwin"
      ],
      "engines": {
        "node": ">=16"
      }
    },
    "node_modules/@openai/codex-linux-arm64": {
      "name": "@openai/codex",
      "version": "0.142.0-linux-arm64",
      "resolved": "https://registry.npmjs.org/@openai/codex/-/codex-0.142.0-linux-arm64.tgz",
      "integrity": "sha512-gX9hCK59bE0Itnous1MCrKiXTYuoGVE6oJUE0kyRSzaBD267sh9TNR3DXKbY7TsP7iAs19n8YXDJNdHZJtakSQ==",
      "cpu": [
        "arm64"
      ],
      "license": "Apache-2.0",
      "optional": true,
      "os": [
        "linux"
      ],
      "engines": {
        "node": ">=16"
      }
    },
    "node_modules/@openai/codex-linux-x64": {
      "name": "@openai/codex",
      "version": "0.142.0-linux-x64",
      "resolved": "https://registry.npmjs.org/@openai/codex/-/codex-0.142.0-linux-x64.tgz",
      "integrity": "sha512-nywS+ogFPRhZnQnKL+jzWKzFhmjTQbYPh6n8dtQ/E+sJ3FoZVcb9a6kvHL5yjgtlCiDkP0jPDYY5AK3tDShYyw==",
      "cpu": [
        "x64"
      ],
      "license": "Apache-2.0",
      "optional": true,
      "os": [
        "linux"
      ],
      "engines": {
        "node": ">=16"
      }
    },
    "node_modules/@openai/codex-sdk": {
      "version": "0.142.0",
      "resolved": "https://registry.npmjs.org/@openai/codex-sdk/-/codex-sdk-0.142.0.tgz",
      "integrity": "sha512-oUusNCFpOv5WJ3Kg1Ihu4Smu8Up1SoHCPvOcFGgmdiW4/cl4p9lP6riHCOEvcAe3oS91Mwnn1stznwpMtSHW1A==",
      "license": "Apache-2.0",
      "dependencies": {
        "@openai/codex": "0.142.0"
      },
      "engines": {
        "node": ">=18"
      }
    },
    "node_modules/@openai/codex-win32-arm64": {
      "name": "@openai/codex",
      "version": "0.142.0-win32-arm64",
      "resolved": "https://registry.npmjs.org/@openai/codex/-/codex-0.142.0-win32-arm64.tgz",
      "integrity": "sha512-Lz8xEn7uNn0XTi8k0jApKM5P9BD7QvAH3ZbtlGi1zfSOgh1kmgpfXxaTlJF503mozdHaA2r6UA7hfTi+bI0CvQ==",
      "cpu": [
        "arm64"
      ],
      "license": "Apache-2.0",
      "optional": true,
      "os": [
        "win32"
      ],
      "engines": {
        "node": ">=16"
      }
    },
    "node_modules/@openai/codex-win32-x64": {
      "name": "@openai/codex",
      "version": "0.142.0-win32-x64",
      "resolved": "https://registry.npmjs.org/@openai/codex/-/codex-0.142.0-win32-x64.tgz",
      "integrity": "sha512-LkARkXh3NM0XA8R8hFAgjx017fadfb9RgmqLzdhO1Qt/bDVSJnmDf4cwJ2h+FWZcm9/rRk3JC/IuqBvwg/TN+Q==",
      "cpu": [
        "x64"
      ],
      "license": "Apache-2.0",
      "optional": true,
      "os": [
        "win32"
      ],
      "engines": {
        "node": ">=16"
      }
    },
    "node_modules/@types/node": {
      "version": "20.19.43",
      "resolved": "https://registry.npmjs.org/@types/node/-/node-20.19.43.tgz",
      "integrity": "sha512-6oYBAi5ikg4Pl+kGsoYtawUMBT2zZMCvPNF7pVLnHZfd1zf38DRiWn/gT01RYCdUqkv7Fhr+C9ot4/tb+2sVvA==",
      "dev": true,
      "license": "MIT",
      "dependencies": {
        "undici-types": "~6.21.0"
      }
    },
    "node_modules/typescript": {
      "version": "5.9.3",
      "resolved": "https://registry.npmjs.org/typescript/-/typescript-5.9.3.tgz",
      "integrity": "sha512-jl1vZzPDinLr9eUt3J/t7V6FgNEw9QjvBPdysz9KfQDD41fQrC2Y4vKQdiaUpFT4bXlb1RHhLpp8wtm6M5TgSw==",
      "dev": true,
      "license": "Apache-2.0",
      "bin": {
        "tsc": "bin/tsc",
        "tsserver": "bin/tsserver"
      },
      "engines": {
        "node": ">=14.17"
      }
    },
    "node_modules/undici-types": {
      "version": "6.21.0",
      "resolved": "https://registry.npmjs.org/undici-types/-/undici-types-6.21.0.tgz",
      "integrity": "sha512-iwDZqg0QAGrg9Rav5H4n0M64c3mkR59cJ6wQp+7C4nI0gsmExaedaYLNO44eT4AtBBwjbTiGPMlt2Md0T9H9JQ==",
      "dev": true,
      "license": "MIT"
    }
  }
}
